// !$*UTF8*$!
{
	archiveVersion = 1;
	classes = {
	};
	objectVersion = 46;
	objects = {

/* Begin PBXBuildFile section */
		2905310F1C20517E00FB382C /* ColorList.swift in Sources */ = {isa = PBXBuildFile; fileRef = 290531071C20517E00FB382C /* ColorList.swift */; };
		290531101C20517E00FB382C /* FontList.swift in Sources */ = {isa = PBXBuildFile; fileRef = 290531081C20517E00FB382C /* FontList.swift */; };
		290531111C20517E00FB382C /* Message.swift in Sources */ = {isa = PBXBuildFile; fileRef = 290531091C20517E00FB382C /* Message.swift */; };
		290531121C20517E00FB382C /* ShoutFactory.swift in Sources */ = {isa = PBXBuildFile; fileRef = 2905310A1C20517E00FB382C /* ShoutFactory.swift */; };
		290531131C20517E00FB382C /* WhisperFactory.swift in Sources */ = {isa = PBXBuildFile; fileRef = 2905310B1C20517E00FB382C /* WhisperFactory.swift */; };
		290531141C20517E00FB382C /* WhisperView.swift in Sources */ = {isa = PBXBuildFile; fileRef = 2905310C1C20517E00FB382C /* WhisperView.swift */; };
		290531151C20517E00FB382C /* WhistleFactory.swift in Sources */ = {isa = PBXBuildFile; fileRef = 2905310D1C20517E00FB382C /* WhistleFactory.swift */; };
		BDA2138F1F95D75F003FBC71 /* UIView+Extensions.swift in Sources */ = {isa = PBXBuildFile; fileRef = BDA2138E1F95D75F003FBC71 /* UIView+Extensions.swift */; };
		D2D71BB81D54B62B006AB907 /* Showing.swift in Sources */ = {isa = PBXBuildFile; fileRef = D2D71BB71D54B62B006AB907 /* Showing.swift */; };
		D5170D641C4955F3006F2F37 /* Config.swift in Sources */ = {isa = PBXBuildFile; fileRef = D5170D631C4955F3006F2F37 /* Config.swift */; };
/* End PBXBuildFile section */

/* Begin PBXFileReference section */
		290530F91C20511C00FB382C /* Whisper.framework */ = {isa = PBXFileReference; explicitFileType = wrapper.framework; includeInIndex = 0; path = Whisper.framework; sourceTree = BUILT_PRODUCTS_DIR; };
		290531071C20517E00FB382C /* ColorList.swift */ = {isa = PBXFileReference; fileEncoding = 4; lastKnownFileType = sourcecode.swift; path = ColorList.swift; sourceTree = "<group>"; };
		290531081C20517E00FB382C /* FontList.swift */ = {isa = PBXFileReference; fileEncoding = 4; lastKnownFileType = sourcecode.swift; path = FontList.swift; sourceTree = "<group>"; };
		290531091C20517E00FB382C /* Message.swift */ = {isa = PBXFileReference; fileEncoding = 4; lastKnownFileType = sourcecode.swift; path = Message.swift; sourceTree = "<group>"; };
		2905310A1C20517E00FB382C /* ShoutFactory.swift */ = {isa = PBXFileReference; fileEncoding = 4; lastKnownFileType = sourcecode.swift; path = ShoutFactory.swift; sourceTree = "<group>"; };
		2905310B1C20517E00FB382C /* WhisperFactory.swift */ = {isa = PBXFileReference; fileEncoding = 4; lastKnownFileType = sourcecode.swift; path = WhisperFactory.swift; sourceTree = "<group>"; };
		2905310C1C20517E00FB382C /* WhisperView.swift */ = {isa = PBXFileReference; fileEncoding = 4; lastKnownFileType = sourcecode.swift; path = WhisperView.swift; sourceTree = "<group>"; };
		2905310D1C20517E00FB382C /* WhistleFactory.swift */ = {isa = PBXFileReference; fileEncoding = 4; lastKnownFileType = sourcecode.swift; path = WhistleFactory.swift; sourceTree = "<group>"; };
		290531171C2051F400FB382C /* Info.plist */ = {isa = PBXFileReference; fileEncoding = 4; lastKnownFileType = text.plist.xml; path = Info.plist; sourceTree = "<group>"; };
		BDA2138E1F95D75F003FBC71 /* UIView+Extensions.swift */ = {isa = PBXFileReference; lastKnownFileType = sourcecode.swift; path = "UIView+Extensions.swift"; sourceTree = "<group>"; };
		D2D71BB71D54B62B006AB907 /* Showing.swift */ = {isa = PBXFileReference; fileEncoding = 4; lastKnownFileType = sourcecode.swift; path = Showing.swift; sourceTree = "<group>"; };
		D5170D631C4955F3006F2F37 /* Config.swift */ = {isa = PBXFileReference; fileEncoding = 4; lastKnownFileType = sourcecode.swift; path = Config.swift; sourceTree = "<group>"; };
/* End PBXFileReference section */

/* Begin PBXFrameworksBuildPhase section */
		290530F51C20511C00FB382C /* Frameworks */ = {
			isa = PBXFrameworksBuildPhase;
			buildActionMask = 2147483647;
			files = (
			);
			runOnlyForDeploymentPostprocessing = 0;
		};
/* End PBXFrameworksBuildPhase section */

/* Begin PBXGroup section */
		290530EF1C20511C00FB382C = {
			isa = PBXGroup;
			children = (
				290531161C2051F400FB382C /* SupportFiles */,
				290531041C20517E00FB382C /* Source */,
				290530FA1C20511C00FB382C /* Products */,
			);
			sourceTree = "<group>";
		};
		290530FA1C20511C00FB382C /* Products */ = {
			isa = PBXGroup;
			children = (
				290530F91C20511C00FB382C /* Whisper.framework */,
			);
			name = Products;
			sourceTree = "<group>";
		};
		290531041C20517E00FB382C /* Source */ = {
			isa = PBXGroup;
			children = (
				D2D71BB71D54B62B006AB907 /* Showing.swift */,
				290531061C20517E00FB382C /* Configuration */,
				290531091C20517E00FB382C /* Message.swift */,
				2905310A1C20517E00FB382C /* ShoutFactory.swift */,
				2905310B1C20517E00FB382C /* WhisperFactory.swift */,
				2905310C1C20517E00FB382C /* WhisperView.swift */,
				2905310D1C20517E00FB382C /* WhistleFactory.swift */,
				D5170D631C4955F3006F2F37 /* Config.swift */,
				BDA2138E1F95D75F003FBC71 /* UIView+Extensions.swift */,
			);
			path = Source;
			sourceTree = "<group>";
		};
		290531061C20517E00FB382C /* Configuration */ = {
			isa = PBXGroup;
			children = (
				290531071C20517E00FB382C /* ColorList.swift */,
				290531081C20517E00FB382C /* FontList.swift */,
			);
			path = Configuration;
			sourceTree = "<group>";
		};
		290531161C2051F400FB382C /* SupportFiles */ = {
			isa = PBXGroup;
			children = (
				290531171C2051F400FB382C /* Info.plist */,
			);
			path = SupportFiles;
			sourceTree = "<group>";
		};
/* End PBXGroup section */

/* Begin PBXHeadersBuildPhase section */
		290530F61C20511C00FB382C /* Headers */ = {
			isa = PBXHeadersBuildPhase;
			buildActionMask = 2147483647;
			files = (
			);
			runOnlyForDeploymentPostprocessing = 0;
		};
/* End PBXHeadersBuildPhase section */

/* Begin PBXNativeTarget section */
		290530F81C20511C00FB382C /* Whisper-iOS */ = {
			isa = PBXNativeTarget;
			buildConfigurationList = 290531011C20511C00FB382C /* Build configuration list for PBXNativeTarget "Whisper-iOS" */;
			buildPhases = (
				290530F41C20511C00FB382C /* Sources */,
				290530F51C20511C00FB382C /* Frameworks */,
				290530F61C20511C00FB382C /* Headers */,
				290530F71C20511C00FB382C /* Resources */,
			);
			buildRules = (
			);
			dependencies = (
			);
			name = "Whisper-iOS";
			productName = Whisper;
			productReference = 290530F91C20511C00FB382C /* Whisper.framework */;
			productType = "com.apple.product-type.framework";
		};
/* End PBXNativeTarget section */

/* Begin PBXProject section */
		290530F01C20511C00FB382C /* Project object */ = {
			isa = PBXProject;
			attributes = {
				LastSwiftUpdateCheck = 0720;
				LastUpgradeCheck = 0900;
				ORGANIZATIONNAME = "Hyper Interaktiv AS";
				TargetAttributes = {
					290530F81C20511C00FB382C = {
						CreatedOnToolsVersion = 7.2;
						LastSwiftMigration = 1020;
					};
				};
			};
			buildConfigurationList = 290530F31C20511C00FB382C /* Build configuration list for PBXProject "Whisper" */;
			compatibilityVersion = "Xcode 3.2";
			developmentRegion = English;
			hasScannedForEncodings = 0;
			knownRegions = (
				English,
				en,
			);
			mainGroup = 290530EF1C20511C00FB382C;
			productRefGroup = 290530FA1C20511C00FB382C /* Products */;
			projectDirPath = "";
			projectRoot = "";
			targets = (
				290530F81C20511C00FB382C /* Whisper-iOS */,
			);
		};
/* End PBXProject section */

/* Begin PBXResourcesBuildPhase section */
		290530F71C20511C00FB382C /* Resources */ = {
			isa = PBXResourcesBuildPhase;
			buildActionMask = 2147483647;
			files = (
			);
			runOnlyForDeploymentPostprocessing = 0;
		};
/* End PBXResourcesBuildPhase section */

/* Begin PBXSourcesBuildPhase section */
		290530F41C20511C00FB382C /* Sources */ = {
			isa = PBXSourcesBuildPhase;
			buildActionMask = 2147483647;
			files = (
				290531121C20517E00FB382C /* ShoutFactory.swift in Sources */,
				290531141C20517E00FB382C /* WhisperView.swift in Sources */,
				BDA2138F1F95D75F003FBC71 /* UIView+Extensions.swift in Sources */,
				290531151C20517E00FB382C /* WhistleFactory.swift in Sources */,
				290531111C20517E00FB382C /* Message.swift in Sources */,
				290531131C20517E00FB382C /* WhisperFactory.swift in Sources */,
				D5170D641C4955F3006F2F37 /* Config.swift in Sources */,
				290531101C20517E00FB382C /* FontList.swift in Sources */,
				2905310F1C20517E00FB382C /* ColorList.swift in Sources */,
				D2D71BB81D54B62B006AB907 /* Showing.swift in Sources */,
			);
			runOnlyForDeploymentPostprocessing = 0;
		};
/* End PBXSourcesBuildPhase section */

/* Begin XCBuildConfiguration section */
		290530FF1C20511C00FB382C /* Debug */ = {
			isa = XCBuildConfiguration;
			buildSettings = {
				ALWAYS_SEARCH_USER_PATHS = NO;
				CLANG_CXX_LANGUAGE_STANDARD = "gnu++0x";
				CLANG_CXX_LIBRARY = "libc++";
				CLANG_ENABLE_MODULES = YES;
				CLANG_ENABLE_OBJC_ARC = YES;
				CLANG_WARN_BLOCK_CAPTURE_AUTORELEASING = YES;
				CLANG_WARN_BOOL_CONVERSION = YES;
				CLANG_WARN_COMMA = YES;
				CLANG_WARN_CONSTANT_CONVERSION = YES;
				CLANG_WARN_DIRECT_OBJC_ISA_USAGE = YES_ERROR;
				CLANG_WARN_EMPTY_BODY = YES;
				CLANG_WARN_ENUM_CONVERSION = YES;
				CLANG_WARN_INFINITE_RECURSION = YES;
				CLANG_WARN_INT_CONVERSION = YES;
				CLANG_WARN_NON_LITERAL_NULL_CONVERSION = YES;
				CLANG_WARN_OBJC_LITERAL_CONVERSION = YES;
				CLANG_WARN_OBJC_ROOT_CLASS = YES_ERROR;
				CLANG_WARN_RANGE_LOOP_ANALYSIS = YES;
				CLANG_WARN_STRICT_PROTOTYPES = YES;
				CLANG_WARN_SUSPICIOUS_MOVE = YES;
				CLANG_WARN_UNREACHABLE_CODE = YES;
				CLANG_WARN__DUPLICATE_METHOD_MATCH = YES;
				"CODE_SIGN_IDENTITY[sdk=iphoneos*]" = "iPhone Developer";
				COPY_PHASE_STRIP = NO;
				CURRENT_PROJECT_VERSION = 1;
				DEBUG_INFORMATION_FORMAT = dwarf;
				ENABLE_STRICT_OBJC_MSGSEND = YES;
				ENABLE_TESTABILITY = YES;
				GCC_C_LANGUAGE_STANDARD = gnu99;
				GCC_DYNAMIC_NO_PIC = NO;
				GCC_NO_COMMON_BLOCKS = YES;
				GCC_OPTIMIZATION_LEVEL = 0;
				GCC_PREPROCESSOR_DEFINITIONS = (
					"DEBUG=1",
					"$(inherited)",
				);
				GCC_WARN_64_TO_32_BIT_CONVERSION = YES;
				GCC_WARN_ABOUT_RETURN_TYPE = YES_ERROR;
				GCC_WARN_UNDECLARED_SELECTOR = YES;
				GCC_WARN_UNINITIALIZED_AUTOS = YES_AGGRESSIVE;
				GCC_WARN_UNUSED_FUNCTION = YES;
				GCC_WARN_UNUSED_VARIABLE = YES;
				IPHONEOS_DEPLOYMENT_TARGET = 9.2;
				MTL_ENABLE_DEBUG_INFO = YES;
				ONLY_ACTIVE_ARCH = YES;
				SDKROOT = iphoneos;
				SWIFT_OPTIMIZATION_LEVEL = "-Onone";
				SWIFT_VERSION = 5.0;
				TARGETED_DEVICE_FAMILY = "1,2";
				VERSIONING_SYSTEM = "apple-generic";
				VERSION_INFO_PREFIX = "";
			};
			name = Debug;
		};
		290531001C20511C00FB382C /* Release */ = {
			isa = XCBuildConfiguration;
			buildSettings = {
				ALWAYS_SEARCH_USER_PATHS = NO;
				CLANG_CXX_LANGUAGE_STANDARD = "gnu++0x";
				CLANG_CXX_LIBRARY = "libc++";
				CLANG_ENABLE_MODULES = YES;
				CLANG_ENABLE_OBJC_ARC = YES;
				CLANG_WARN_BLOCK_CAPTURE_AUTORELEASING = YES;
				CLANG_WARN_BOOL_CONVERSION = YES;
				CLANG_WARN_COMMA = YES;
				CLANG_WARN_CONSTANT_CONVERSION = YES;
				CLANG_WARN_DIRECT_OBJC_ISA_USAGE = YES_ERROR;
				CLANG_WARN_EMPTY_BODY = YES;
				CLANG_WARN_ENUM_CONVERSION = YES;
				CLANG_WARN_INFINITE_RECURSION = YES;
				CLANG_WARN_INT_CONVERSION = YES;
				CLANG_WARN_NON_LITERAL_NULL_CONVERSION = YES;
				CLANG_WARN_OBJC_LITERAL_CONVERSION = YES;
				CLANG_WARN_OBJC_ROOT_CLASS = YES_ERROR;
				CLANG_WARN_RANGE_LOOP_ANALYSIS = YES;
				CLANG_WARN_STRICT_PROTOTYPES = YES;
				CLANG_WARN_SUSPICIOUS_MOVE = YES;
				CLANG_WARN_UNREACHABLE_CODE = YES;
				CLANG_WARN__DUPLICATE_METHOD_MATCH = YES;
				"CODE_SIGN_IDENTITY[sdk=iphoneos*]" = "iPhone Developer";
				COPY_PHASE_STRIP = NO;
				CURRENT_PROJECT_VERSION = 1;
				DEBUG_INFORMATION_FORMAT = "dwarf-with-dsym";
				ENABLE_NS_ASSERTIONS = NO;
				ENABLE_STRICT_OBJC_MSGSEND = YES;
				GCC_C_LANGUAGE_STANDARD = gnu99;
				GCC_NO_COMMON_BLOCKS = YES;
				GCC_WARN_64_TO_32_BIT_CONVERSION = YES;
				GCC_WARN_ABOUT_RETURN_TYPE = YES_ERROR;
				GCC_WARN_UNDECLARED_SELECTOR = YES;
				GCC_WARN_UNINITIALIZED_AUTOS = YES_AGGRESSIVE;
				GCC_WARN_UNUSED_FUNCTION = YES;
				GCC_WARN_UNUSED_VARIABLE = YES;
				IPHONEOS_DEPLOYMENT_TARGET = 9.2;
				MTL_ENABLE_DEBUG_INFO = NO;
				SDKROOT = iphoneos;
				SWIFT_OPTIMIZATION_LEVEL = "-Owholemodule";
				SWIFT_VERSION = 5.0;
				TARGETED_DEVICE_FAMILY = "1,2";
				VALIDATE_PRODUCT = YES;
				VERSIONING_SYSTEM = "apple-generic";
				VERSION_INFO_PREFIX = "";
			};
			name = Release;
		};
		290531021C20511C00FB382C /* Debug */ = {
			isa = XCBuildConfiguration;
			buildSettings = {
				"CODE_SIGN_IDENTITY[sdk=iphoneos*]" = "";
				DEFINES_MODULE = YES;
				DYLIB_COMPATIBILITY_VERSION = 1;
				DYLIB_CURRENT_VERSION = 1;
				DYLIB_INSTALL_NAME_BASE = "@rpath";
				INFOPLIST_FILE = SupportFiles/Info.plist;
				INSTALL_PATH = "$(LOCAL_LIBRARY_DIR)/Frameworks";
				IPHONEOS_DEPLOYMENT_TARGET = 8.0;
				LD_RUNPATH_SEARCH_PATHS = "$(inherited) @executable_path/Frameworks @loader_path/Frameworks";
				PRODUCT_BUNDLE_IDENTIFIER = no.hyper.Whisper;
				PRODUCT_NAME = Whisper;
				SKIP_INSTALL = YES;
				SWIFT_VERSION = 5.0;
			};
			name = Debug;
		};
		290531031C20511C00FB382C /* Release */ = {
			isa = XCBuildConfiguration;
			buildSettings = {
				"CODE_SIGN_IDENTITY[sdk=iphoneos*]" = "";
				DEFINES_MODULE = YES;
				DYLIB_COMPATIBILITY_VERSION = 1;
				DYLIB_CURRENT_VERSION = 1;
				DYLIB_INSTALL_NAME_BASE = "@rpath";
				INFOPLIST_FILE = SupportFiles/Info.plist;
				INSTALL_PATH = "$(LOCAL_LIBRARY_DIR)/Frameworks";
				IPHONEOS_DEPLOYMENT_TARGET = 8.0;
				LD_RUNPATH_SEARCH_PATHS = "$(inherited) @executable_path/Frameworks @loader_path/Frameworks";
				PRODUCT_BUNDLE_IDENTIFIER = no.hyper.Whisper;
				PRODUCT_NAME = Whisper;
				SKIP_INSTALL = YES;
				SWIFT_VERSION = 5.0;
			};
			name = Release;
		};
/* End XCBuildConfiguration section */

/* Begin XCConfigurationList section */
		290530F31C20511C00FB382C /* Build configuration list for PBXProject "Whisper" */ = {
			isa = XCConfigurationList;
			buildConfigurations = (
				290530FF1C20511C00FB382C /* Debug */,
				290531001C20511C00FB382C /* Release */,
			);
			defaultConfigurationIsVisible = 0;
			defaultConfigurationName = Release;
		};
		290531011C20511C00FB382C /* Build configuration list for PBXNativeTarget "Whisper-iOS" */ = {
			isa = XCConfigurationList;
			buildConfigurations = (
				290531021C20511C00FB382C /* Debug */,
				290531031C20511C00FB382C /* Release */,
			);
			defaultConfigurationIsVisible = 0;
			defaultConfigurationName = Release;
		};
/* End XCConfigurationList section */
	};
	rootObject = 290530F01C20511C00FB382C /* Project object */;
}
