// !$*UTF8*$!
{
	archiveVersion = 1;
	classes = {
	};
	objectVersion = 46;
	objects = {

/* Begin PBXBuildFile section */
		29AD429E1BBC2BD2004292F1 /* AppDelegate.swift in Sources */ = {isa = PBXBuildFile; fileRef = 29AD429D1BBC2BD2004292F1 /* AppDelegate.swift */; };
		29AD42A01BBC2BD2004292F1 /* ViewController.swift in Sources */ = {isa = PBXBuildFile; fileRef = 29AD429F1BBC2BD2004292F1 /* ViewController.swift */; };
		29AD42A31BBC2BD2004292F1 /* Main.storyboard in Resources */ = {isa = PBXBuildFile; fileRef = 29AD42A11BBC2BD2004292F1 /* Main.storyboard */; };
		29AD42A51BBC2BD2004292F1 /* Assets.xcassets in Resources */ = {isa = PBXBuildFile; fileRef = 29AD42A41BBC2BD2004292F1 /* Assets.xcassets */; };
		29AD42A81BBC2BD2004292F1 /* LaunchScreen.storyboard in Resources */ = {isa = PBXBuildFile; fileRef = 29AD42A61BBC2BD2004292F1 /* LaunchScreen.storyboard */; };
/* End PBXBuildFile section */

/* Begin PBXFileReference section */
		29AD429A1BBC2BD2004292F1 /* WhisperDemo.app */ = {isa = PBXFileReference; explicitFileType = wrapper.application; includeInIndex = 0; path = WhisperDemo.app; sourceTree = BUILT_PRODUCTS_DIR; };
		29AD429D1BBC2BD2004292F1 /* AppDelegate.swift */ = {isa = PBXFileReference; lastKnownFileType = sourcecode.swift; path = AppDelegate.swift; sourceTree = "<group>"; };
		29AD429F1BBC2BD2004292F1 /* ViewController.swift */ = {isa = PBXFileReference; lastKnownFileType = sourcecode.swift; path = ViewController.swift; sourceTree = "<group>"; };
		29AD42A21BBC2BD2004292F1 /* Base */ = {isa = PBXFileReference; lastKnownFileType = file.storyboard; name = Base; path = Base.lproj/Main.storyboard; sourceTree = "<group>"; };
		29AD42A41BBC2BD2004292F1 /* Assets.xcassets */ = {isa = PBXFileReference; lastKnownFileType = folder.assetcatalog; path = Assets.xcassets; sourceTree = "<group>"; };
		29AD42A71BBC2BD2004292F1 /* Base */ = {isa = PBXFileReference; lastKnownFileType = file.storyboard; name = Base; path = Base.lproj/LaunchScreen.storyboard; sourceTree = "<group>"; };
		29AD42A91BBC2BD2004292F1 /* Info.plist */ = {isa = PBXFileReference; lastKnownFileType = text.plist.xml; path = Info.plist; sourceTree = "<group>"; };
/* End PBXFileReference section */

/* Begin PBXFrameworksBuildPhase section */
		29AD42971BBC2BD2004292F1 /* Frameworks */ = {
			isa = PBXFrameworksBuildPhase;
			buildActionMask = 2147483647;
			files = (
			);
			runOnlyForDeploymentPostprocessing = 0;
		};
/* End PBXFrameworksBuildPhase section */

/* Begin PBXGroup section */
		29AD42911BBC2BD2004292F1 = {
			isa = PBXGroup;
			children = (
				29AD429C1BBC2BD2004292F1 /* WhisperDemo */,
				29AD429B1BBC2BD2004292F1 /* Products */,
			);
			sourceTree = "<group>";
		};
		29AD429B1BBC2BD2004292F1 /* Products */ = {
			isa = PBXGroup;
			children = (
				29AD429A1BBC2BD2004292F1 /* WhisperDemo.app */,
			);
			name = Products;
			sourceTree = "<group>";
		};
		29AD429C1BBC2BD2004292F1 /* WhisperDemo */ = {
			isa = PBXGroup;
			children = (
				29AD429D1BBC2BD2004292F1 /* AppDelegate.swift */,
				29AD429F1BBC2BD2004292F1 /* ViewController.swift */,
				29AD42A11BBC2BD2004292F1 /* Main.storyboard */,
				29AD42A41BBC2BD2004292F1 /* Assets.xcassets */,
				29AD42A61BBC2BD2004292F1 /* LaunchScreen.storyboard */,
				29AD42A91BBC2BD2004292F1 /* Info.plist */,
			);
			path = WhisperDemo;
			sourceTree = "<group>";
		};
/* End PBXGroup section */

/* Begin PBXNativeTarget section */
		29AD42991BBC2BD2004292F1 /* WhisperDemo */ = {
			isa = PBXNativeTarget;
			buildConfigurationList = 29AD42AC1BBC2BD2004292F1 /* Build configuration list for PBXNativeTarget "WhisperDemo" */;
			buildPhases = (
				29AD42961BBC2BD2004292F1 /* Sources */,
				29AD42971BBC2BD2004292F1 /* Frameworks */,
				29AD42981BBC2BD2004292F1 /* Resources */,
			);
			buildRules = (
			);
			dependencies = (
			);
			name = WhisperDemo;
			productName = WhisperDemo;
			productReference = 29AD429A1BBC2BD2004292F1 /* WhisperDemo.app */;
			productType = "com.apple.product-type.application";
		};
/* End PBXNativeTarget section */

/* Begin PBXProject section */
		29AD42921BBC2BD2004292F1 /* Project object */ = {
			isa = PBXProject;
			attributes = {
				LastUpgradeCheck = 0700;
				ORGANIZATIONNAME = "Ramon Gilabert Llop";
				TargetAttributes = {
					29AD42991BBC2BD2004292F1 = {
						CreatedOnToolsVersion = 7.0;
					};
				};
			};
			buildConfigurationList = 29AD42951BBC2BD2004292F1 /* Build configuration list for PBXProject "WhisperDemo" */;
			compatibilityVersion = "Xcode 3.2";
			developmentRegion = English;
			hasScannedForEncodings = 0;
			knownRegions = (
				en,
				Base,
			);
			mainGroup = 29AD42911BBC2BD2004292F1;
			productRefGroup = 29AD429B1BBC2BD2004292F1 /* Products */;
			projectDirPath = "";
			projectRoot = "";
			targets = (
				29AD42991BBC2BD2004292F1 /* WhisperDemo */,
			);
		};
/* End PBXProject section */

/* Begin PBXResourcesBuildPhase section */
		29AD42981BBC2BD2004292F1 /* Resources */ = {
			isa = PBXResourcesBuildPhase;
			buildActionMask = 2147483647;
			files = (
				29AD42A81BBC2BD2004292F1 /* LaunchScreen.storyboard in Resources */,
				29AD42A51BBC2BD2004292F1 /* Assets.xcassets in Resources */,
				29AD42A31BBC2BD2004292F1 /* Main.storyboard in Resources */,
			);
			runOnlyForDeploymentPostprocessing = 0;
		};
/* End PBXResourcesBuildPhase section */

/* Begin PBXSourcesBuildPhase section */
		29AD42961BBC2BD2004292F1 /* Sources */ = {
			isa = PBXSourcesBuildPhase;
			buildActionMask = 2147483647;
			files = (
				29AD42A01BBC2BD2004292F1 /* ViewController.swift in Sources */,
				29AD429E1BBC2BD2004292F1 /* AppDelegate.swift in Sources */,
			);
			runOnlyForDeploymentPostprocessing = 0;
		};
/* End PBXSourcesBuildPhase section */

/* Begin PBXVariantGroup section */
		29AD42A11BBC2BD2004292F1 /* Main.storyboard */ = {
			isa = PBXVariantGroup;
			children = (
				29AD42A21BBC2BD2004292F1 /* Base */,
			);
			name = Main.storyboard;
			sourceTree = "<group>";
		};
		29AD42A61BBC2BD2004292F1 /* LaunchScreen.storyboard */ = {
			isa = PBXVariantGroup;
			children = (
				29AD42A71BBC2BD2004292F1 /* Base */,
			);
			name = LaunchScreen.storyboard;
			sourceTree = "<group>";
		};
/* End PBXVariantGroup section */

/* Begin XCBuildConfiguration section */
		29AD42AA1BBC2BD2004292F1 /* Debug */ = {
			isa = XCBuildConfiguration;
			buildSettings = {
				ALWAYS_SEARCH_USER_PATHS = NO;
				CLANG_CXX_LANGUAGE_STANDARD = "gnu++0x";
				CLANG_CXX_LIBRARY = "libc++";
				CLANG_ENABLE_MODULES = YES;
				CLANG_ENABLE_OBJC_ARC = YES;
				CLANG_WARN_BOOL_CONVERSION = YES;
				CLANG_WARN_CONSTANT_CONVERSION = YES;
				CLANG_WARN_DIRECT_OBJC_ISA_USAGE = YES_ERROR;
				CLANG_WARN_EMPTY_BODY = YES;
				CLANG_WARN_ENUM_CONVERSION = YES;
				CLANG_WARN_INT_CONVERSION = YES;
				CLANG_WARN_OBJC_ROOT_CLASS = YES_ERROR;
				CLANG_WARN_UNREACHABLE_CODE = YES;
				CLANG_WARN__DUPLICATE_METHOD_MATCH = YES;
				"CODE_SIGN_IDENTITY[sdk=iphoneos*]" = "iPhone Developer";
				COPY_PHASE_STRIP = NO;
				DEBUG_INFORMATION_FORMAT = dwarf;
				ENABLE_STRICT_OBJC_MSGSEND = YES;
				ENABLE_TESTABILITY = YES;
				GCC_C_LANGUAGE_STANDARD = gnu99;
				GCC_DYNAMIC_NO_PIC = NO;
				GCC_NO_COMMON_BLOCKS = YES;
				GCC_OPTIMIZATION_LEVEL = 0;
				GCC_PREPROCESSOR_DEFINITIONS = (
					"DEBUG=1",
					"$(inherited)",
				);
				GCC_WARN_64_TO_32_BIT_CONVERSION = YES;
				GCC_WARN_ABOUT_RETURN_TYPE = YES_ERROR;
				GCC_WARN_UNDECLARED_SELECTOR = YES;
				GCC_WARN_UNINITIALIZED_AUTOS = YES_AGGRESSIVE;
				GCC_WARN_UNUSED_FUNCTION = YES;
				GCC_WARN_UNUSED_VARIABLE = YES;
				IPHONEOS_DEPLOYMENT_TARGET = 9.0;
				MTL_ENABLE_DEBUG_INFO = YES;
				ONLY_ACTIVE_ARCH = YES;
				SDKROOT = iphoneos;
				SWIFT_OPTIMIZATION_LEVEL = "-Onone";
				TARGETED_DEVICE_FAMILY = "1,2";
			};
			name = Debug;
		};
		29AD42AB1BBC2BD2004292F1 /* Release */ = {
			isa = XCBuildConfiguration;
			buildSettings = {
				ALWAYS_SEARCH_USER_PATHS = NO;
				CLANG_CXX_LANGUAGE_STANDARD = "gnu++0x";
				CLANG_CXX_LIBRARY = "libc++";
				CLANG_ENABLE_MODULES = YES;
				CLANG_ENABLE_OBJC_ARC = YES;
				CLANG_WARN_BOOL_CONVERSION = YES;
				CLANG_WARN_CONSTANT_CONVERSION = YES;
				CLANG_WARN_DIRECT_OBJC_ISA_USAGE = YES_ERROR;
				CLANG_WARN_EMPTY_BODY = YES;
				CLANG_WARN_ENUM_CONVERSION = YES;
				CLANG_WARN_INT_CONVERSION = YES;
				CLANG_WARN_OBJC_ROOT_CLASS = YES_ERROR;
				CLANG_WARN_UNREACHABLE_CODE = YES;
				CLANG_WARN__DUPLICATE_METHOD_MATCH = YES;
				"CODE_SIGN_IDENTITY[sdk=iphoneos*]" = "iPhone Developer";
				COPY_PHASE_STRIP = NO;
				DEBUG_INFORMATION_FORMAT = "dwarf-with-dsym";
				ENABLE_NS_ASSERTIONS = NO;
				ENABLE_STRICT_OBJC_MSGSEND = YES;
				GCC_C_LANGUAGE_STANDARD = gnu99;
				GCC_NO_COMMON_BLOCKS = YES;
				GCC_WARN_64_TO_32_BIT_CONVERSION = YES;
				GCC_WARN_ABOUT_RETURN_TYPE = YES_ERROR;
				GCC_WARN_UNDECLARED_SELECTOR = YES;
				GCC_WARN_UNINITIALIZED_AUTOS = YES_AGGRESSIVE;
				GCC_WARN_UNUSED_FUNCTION = YES;
				GCC_WARN_UNUSED_VARIABLE = YES;
				IPHONEOS_DEPLOYMENT_TARGET = 9.0;
				MTL_ENABLE_DEBUG_INFO = NO;
				SDKROOT = iphoneos;
				TARGETED_DEVICE_FAMILY = "1,2";
				VALIDATE_PRODUCT = YES;
			};
			name = Release;
		};
		29AD42AD1BBC2BD2004292F1 /* Debug */ = {
			isa = XCBuildConfiguration;
			buildSettings = {
				ASSETCATALOG_COMPILER_APPICON_NAME = AppIcon;
				INFOPLIST_FILE = WhisperDemo/Info.plist;
				LD_RUNPATH_SEARCH_PATHS = "$(inherited) @executable_path/Frameworks";
				PRODUCT_BUNDLE_IDENTIFIER = RamonGilabert.WhisperDemo;
				PRODUCT_NAME = "$(TARGET_NAME)";
			};
			name = Debug;
		};
		29AD42AE1BBC2BD2004292F1 /* Release */ = {
			isa = XCBuildConfiguration;
			buildSettings = {
				ASSETCATALOG_COMPILER_APPICON_NAME = AppIcon;
				INFOPLIST_FILE = WhisperDemo/Info.plist;
				LD_RUNPATH_SEARCH_PATHS = "$(inherited) @executable_path/Frameworks";
				PRODUCT_BUNDLE_IDENTIFIER = RamonGilabert.WhisperDemo;
				PRODUCT_NAME = "$(TARGET_NAME)";
			};
			name = Release;
		};
/* End XCBuildConfiguration section */

/* Begin XCConfigurationList section */
		29AD42951BBC2BD2004292F1 /* Build configuration list for PBXProject "WhisperDemo" */ = {
			isa = XCConfigurationList;
			buildConfigurations = (
				29AD42AA1BBC2BD2004292F1 /* Debug */,
				29AD42AB1BBC2BD2004292F1 /* Release */,
			);
			defaultConfigurationIsVisible = 0;
			defaultConfigurationName = Release;
		};
		29AD42AC1BBC2BD2004292F1 /* Build configuration list for PBXNativeTarget "WhisperDemo" */ = {
			isa = XCConfigurationList;
			buildConfigurations = (
				29AD42AD1BBC2BD2004292F1 /* Debug */,
				29AD42AE1BBC2BD2004292F1 /* Release */,
			);
			defaultConfigurationIsVisible = 0;
		};
/* End XCConfigurationList section */
	};
	rootObject = 29AD42921BBC2BD2004292F1 /* Project object */;
}
