// !$*UTF8*$!
{
	archiveVersion = 1;
	classes = {
	};
	objectVersion = 46;
	objects = {

/* Begin PBXBuildFile section */
		290531451C206B1100FB382C /* WhisperTests.swift in Sources */ = {isa = PBXBuildFile; fileRef = 290531421C206A6400FB382C /* WhisperTests.swift */; };
		2928E6791C3A6B840024FFBD /* TableViewController.swift in Sources */ = {isa = PBXBuildFile; fileRef = 2928E6781C3A6B840024FFBD /* TableViewController.swift */; };
		29AD429E1BBC2BD2004292F1 /* AppDelegate.swift in Sources */ = {isa = PBXBuildFile; fileRef = 29AD429D1BBC2BD2004292F1 /* AppDelegate.swift */; };
		29AD42A01BBC2BD2004292F1 /* ViewController.swift in Sources */ = {isa = PBXBuildFile; fileRef = 29AD429F1BBC2BD2004292F1 /* ViewController.swift */; };
		29AD42A51BBC2BD2004292F1 /* Assets.xcassets in Resources */ = {isa = PBXBuildFile; fileRef = 29AD42A41BBC2BD2004292F1 /* Assets.xcassets */; };
		29AD42A81BBC2BD2004292F1 /* LaunchScreen.storyboard in Resources */ = {isa = PBXBuildFile; fileRef = 29AD42A61BBC2BD2004292F1 /* LaunchScreen.storyboard */; };
		F0A980C33596AF684B3D9EB0 /* Pods_WhisperDemo.framework in Frameworks */ = {isa = PBXBuildFile; fileRef = AD9E11F8DF355CB269D58C5F /* Pods_WhisperDemo.framework */; };
/* End PBXBuildFile section */

/* Begin PBXContainerItemProxy section */
		2905313B1C206A3800FB382C /* PBXContainerItemProxy */ = {
			isa = PBXContainerItemProxy;
			containerPortal = 29AD42921BBC2BD2004292F1 /* Project object */;
			proxyType = 1;
			remoteGlobalIDString = 29AD42991BBC2BD2004292F1;
			remoteInfo = WhisperDemo;
		};
/* End PBXContainerItemProxy section */

/* Begin PBXFileReference section */
		290531361C206A3800FB382C /* WhisperTests.xctest */ = {isa = PBXFileReference; explicitFileType = wrapper.cfbundle; includeInIndex = 0; path = WhisperTests.xctest; sourceTree = BUILT_PRODUCTS_DIR; };
		290531411C206A6400FB382C /* Info.plist */ = {isa = PBXFileReference; fileEncoding = 4; lastKnownFileType = text.plist.xml; path = Info.plist; sourceTree = "<group>"; };
		290531421C206A6400FB382C /* WhisperTests.swift */ = {isa = PBXFileReference; fileEncoding = 4; lastKnownFileType = sourcecode.swift; path = WhisperTests.swift; sourceTree = "<group>"; };
		2928E6781C3A6B840024FFBD /* TableViewController.swift */ = {isa = PBXFileReference; fileEncoding = 4; lastKnownFileType = sourcecode.swift; path = TableViewController.swift; sourceTree = "<group>"; };
		29AD429A1BBC2BD2004292F1 /* WhisperDemo.app */ = {isa = PBXFileReference; explicitFileType = wrapper.application; includeInIndex = 0; path = WhisperDemo.app; sourceTree = BUILT_PRODUCTS_DIR; };
		29AD429D1BBC2BD2004292F1 /* AppDelegate.swift */ = {isa = PBXFileReference; lastKnownFileType = sourcecode.swift; path = AppDelegate.swift; sourceTree = "<group>"; };
		29AD429F1BBC2BD2004292F1 /* ViewController.swift */ = {isa = PBXFileReference; lastKnownFileType = sourcecode.swift; path = ViewController.swift; sourceTree = "<group>"; };
		29AD42A41BBC2BD2004292F1 /* Assets.xcassets */ = {isa = PBXFileReference; lastKnownFileType = folder.assetcatalog; path = Assets.xcassets; sourceTree = "<group>"; };
		29AD42A71BBC2BD2004292F1 /* Base */ = {isa = PBXFileReference; lastKnownFileType = file.storyboard; name = Base; path = Base.lproj/LaunchScreen.storyboard; sourceTree = "<group>"; };
		29AD42A91BBC2BD2004292F1 /* Info.plist */ = {isa = PBXFileReference; lastKnownFileType = text.plist.xml; path = Info.plist; sourceTree = "<group>"; };
		6F0DEAB1F8C735F802579CE1 /* Pods.framework */ = {isa = PBXFileReference; explicitFileType = wrapper.framework; includeInIndex = 0; path = Pods.framework; sourceTree = BUILT_PRODUCTS_DIR; };
		AD9E11F8DF355CB269D58C5F /* Pods_WhisperDemo.framework */ = {isa = PBXFileReference; explicitFileType = wrapper.framework; includeInIndex = 0; path = Pods_WhisperDemo.framework; sourceTree = BUILT_PRODUCTS_DIR; };
		B056A0C0A940EF3C92E08D24 /* Pods-WhisperDemo.debug.xcconfig */ = {isa = PBXFileReference; includeInIndex = 1; lastKnownFileType = text.xcconfig; name = "Pods-WhisperDemo.debug.xcconfig"; path = "Pods/Target Support Files/Pods-WhisperDemo/Pods-WhisperDemo.debug.xcconfig"; sourceTree = "<group>"; };
		EF03BCFAFBE8B2FA7C98C617 /* Pods-WhisperDemo.release.xcconfig */ = {isa = PBXFileReference; includeInIndex = 1; lastKnownFileType = text.xcconfig; name = "Pods-WhisperDemo.release.xcconfig"; path = "Pods/Target Support Files/Pods-WhisperDemo/Pods-WhisperDemo.release.xcconfig"; sourceTree = "<group>"; };
/* End PBXFileReference section */

/* Begin PBXFrameworksBuildPhase section */
		290531331C206A3800FB382C /* Frameworks */ = {
			isa = PBXFrameworksBuildPhase;
			buildActionMask = 2147483647;
			files = (
			);
			runOnlyForDeploymentPostprocessing = 0;
		};
		29AD42971BBC2BD2004292F1 /* Frameworks */ = {
			isa = PBXFrameworksBuildPhase;
			buildActionMask = 2147483647;
			files = (
				F0A980C33596AF684B3D9EB0 /* Pods_WhisperDemo.framework in Frameworks */,
			);
			runOnlyForDeploymentPostprocessing = 0;
		};
/* End PBXFrameworksBuildPhase section */

/* Begin PBXGroup section */
		029D90BE27CCA78731543D55 /* Frameworks */ = {
			isa = PBXGroup;
			children = (
				6F0DEAB1F8C735F802579CE1 /* Pods.framework */,
				AD9E11F8DF355CB269D58C5F /* Pods_WhisperDemo.framework */,
			);
			name = Frameworks;
			sourceTree = "<group>";
		};
		290531401C206A6400FB382C /* WhisperTests */ = {
			isa = PBXGroup;
			children = (
				290531411C206A6400FB382C /* Info.plist */,
				290531421C206A6400FB382C /* WhisperTests.swift */,
			);
			path = WhisperTests;
			sourceTree = "<group>";
		};
		29AD42911BBC2BD2004292F1 = {
			isa = PBXGroup;
			children = (
				29AD429C1BBC2BD2004292F1 /* WhisperDemo */,
				290531401C206A6400FB382C /* WhisperTests */,
				29AD429B1BBC2BD2004292F1 /* Products */,
				029D90BE27CCA78731543D55 /* Frameworks */,
				92E7BFA29EF63C51C080FD06 /* Pods */,
			);
			sourceTree = "<group>";
		};
		29AD429B1BBC2BD2004292F1 /* Products */ = {
			isa = PBXGroup;
			children = (
				29AD429A1BBC2BD2004292F1 /* WhisperDemo.app */,
				290531361C206A3800FB382C /* WhisperTests.xctest */,
			);
			name = Products;
			sourceTree = "<group>";
		};
		29AD429C1BBC2BD2004292F1 /* WhisperDemo */ = {
			isa = PBXGroup;
			children = (
				29AD429D1BBC2BD2004292F1 /* AppDelegate.swift */,
				29AD429F1BBC2BD2004292F1 /* ViewController.swift */,
				2928E6781C3A6B840024FFBD /* TableViewController.swift */,
				29AD42A41BBC2BD2004292F1 /* Assets.xcassets */,
				29AD42A61BBC2BD2004292F1 /* LaunchScreen.storyboard */,
				29AD42A91BBC2BD2004292F1 /* Info.plist */,
			);
			path = WhisperDemo;
			sourceTree = "<group>";
		};
		92E7BFA29EF63C51C080FD06 /* Pods */ = {
			isa = PBXGroup;
			children = (
				B056A0C0A940EF3C92E08D24 /* Pods-WhisperDemo.debug.xcconfig */,
				EF03BCFAFBE8B2FA7C98C617 /* Pods-WhisperDemo.release.xcconfig */,
			);
			name = Pods;
			sourceTree = "<group>";
		};
/* End PBXGroup section */

/* Begin PBXNativeTarget section */
		290531351C206A3800FB382C /* WhisperTests */ = {
			isa = PBXNativeTarget;
			buildConfigurationList = 2905313F1C206A3800FB382C /* Build configuration list for PBXNativeTarget "WhisperTests" */;
			buildPhases = (
				290531321C206A3800FB382C /* Sources */,
				290531331C206A3800FB382C /* Frameworks */,
				290531341C206A3800FB382C /* Resources */,
			);
			buildRules = (
			);
			dependencies = (
				2905313C1C206A3800FB382C /* PBXTargetDependency */,
			);
			name = WhisperTests;
			productName = WhisperTests;
			productReference = 290531361C206A3800FB382C /* WhisperTests.xctest */;
			productType = "com.apple.product-type.bundle.ui-testing";
		};
		29AD42991BBC2BD2004292F1 /* WhisperDemo */ = {
			isa = PBXNativeTarget;
			buildConfigurationList = 29AD42AC1BBC2BD2004292F1 /* Build configuration list for PBXNativeTarget "WhisperDemo" */;
			buildPhases = (
				C522021051BE11D3DAB44930 /* [CP] Check Pods Manifest.lock */,
				29AD42961BBC2BD2004292F1 /* Sources */,
				29AD42971BBC2BD2004292F1 /* Frameworks */,
				29AD42981BBC2BD2004292F1 /* Resources */,
				D5B676FD334912E862F55066 /* [CP] Embed Pods Frameworks */,
			);
			buildRules = (
			);
			dependencies = (
			);
			name = WhisperDemo;
			productName = WhisperDemo;
			productReference = 29AD429A1BBC2BD2004292F1 /* WhisperDemo.app */;
			productType = "com.apple.product-type.application";
		};
/* End PBXNativeTarget section */

/* Begin PBXProject section */
		29AD42921BBC2BD2004292F1 /* Project object */ = {
			isa = PBXProject;
			attributes = {
				LastSwiftUpdateCheck = 0720;
				LastUpgradeCheck = 0900;
				ORGANIZATIONNAME = "Ramon Gilabert Llop";
				TargetAttributes = {
					290531351C206A3800FB382C = {
						CreatedOnToolsVersion = 7.2;
						LastSwiftMigration = 0800;
						TestTargetID = 29AD42991BBC2BD2004292F1;
					};
					29AD42991BBC2BD2004292F1 = {
						CreatedOnToolsVersion = 7.0;
						LastSwiftMigration = 0800;
						ProvisioningStyle = Automatic;
					};
				};
			};
			buildConfigurationList = 29AD42951BBC2BD2004292F1 /* Build configuration list for PBXProject "WhisperDemo" */;
			compatibilityVersion = "Xcode 3.2";
			developmentRegion = English;
			hasScannedForEncodings = 0;
			knownRegions = (
				en,
				Base,
			);
			mainGroup = 29AD42911BBC2BD2004292F1;
			productRefGroup = 29AD429B1BBC2BD2004292F1 /* Products */;
			projectDirPath = "";
			projectRoot = "";
			targets = (
				29AD42991BBC2BD2004292F1 /* WhisperDemo */,
				290531351C206A3800FB382C /* WhisperTests */,
			);
		};
/* End PBXProject section */

/* Begin PBXResourcesBuildPhase section */
		290531341C206A3800FB382C /* Resources */ = {
			isa = PBXResourcesBuildPhase;
			buildActionMask = 2147483647;
			files = (
			);
			runOnlyForDeploymentPostprocessing = 0;
		};
		29AD42981BBC2BD2004292F1 /* Resources */ = {
			isa = PBXResourcesBuildPhase;
			buildActionMask = 2147483647;
			files = (
				29AD42A81BBC2BD2004292F1 /* LaunchScreen.storyboard in Resources */,
				29AD42A51BBC2BD2004292F1 /* Assets.xcassets in Resources */,
			);
			runOnlyForDeploymentPostprocessing = 0;
		};
/* End PBXResourcesBuildPhase section */

/* Begin PBXShellScriptBuildPhase section */
		C522021051BE11D3DAB44930 /* [CP] Check Pods Manifest.lock */ = {
			isa = PBXShellScriptBuildPhase;
			buildActionMask = 2147483647;
			files = (
			);
			inputPaths = (
				"${PODS_PODFILE_DIR_PATH}/Podfile.lock",
				"${PODS_ROOT}/Manifest.lock",
			);
			name = "[CP] Check Pods Manifest.lock";
			outputPaths = (
				"$(DERIVED_FILE_DIR)/Pods-WhisperDemo-checkManifestLockResult.txt",
			);
			runOnlyForDeploymentPostprocessing = 0;
			shellPath = /bin/sh;
			shellScript = "diff \"${PODS_PODFILE_DIR_PATH}/Podfile.lock\" \"${PODS_ROOT}/Manifest.lock\" > /dev/null\nif [ $? != 0 ] ; then\n    # print error to STDERR\n    echo \"error: The sandbox is not in sync with the Podfile.lock. Run 'pod install' or update your CocoaPods installation.\" >&2\n    exit 1\nfi\n# This output is used by Xcode 'outputs' to avoid re-running this script phase.\necho \"SUCCESS\" > \"${SCRIPT_OUTPUT_FILE_0}\"\n";
			showEnvVarsInLog = 0;
		};
		D5B676FD334912E862F55066 /* [CP] Embed Pods Frameworks */ = {
			isa = PBXShellScriptBuildPhase;
			buildActionMask = 2147483647;
			files = (
			);
			inputPaths = (
				"${SRCROOT}/Pods/Target Support Files/Pods-WhisperDemo/Pods-WhisperDemo-frameworks.sh",
				"${BUILT_PRODUCTS_DIR}/Whisper/Whisper.framework",
			);
			name = "[CP] Embed Pods Frameworks";
			outputPaths = (
				"${TARGET_BUILD_DIR}/${FRAMEWORKS_FOLDER_PATH}/Whisper.framework",
			);
			runOnlyForDeploymentPostprocessing = 0;
			shellPath = /bin/sh;
			shellScript = "\"${SRCROOT}/Pods/Target Support Files/Pods-WhisperDemo/Pods-WhisperDemo-frameworks.sh\"\n";
			showEnvVarsInLog = 0;
		};
/* End PBXShellScriptBuildPhase section */

/* Begin PBXSourcesBuildPhase section */
		290531321C206A3800FB382C /* Sources */ = {
			isa = PBXSourcesBuildPhase;
			buildActionMask = 2147483647;
			files = (
				290531451C206B1100FB382C /* WhisperTests.swift in Sources */,
			);
			runOnlyForDeploymentPostprocessing = 0;
		};
		29AD42961BBC2BD2004292F1 /* Sources */ = {
			isa = PBXSourcesBuildPhase;
			buildActionMask = 2147483647;
			files = (
				29AD42A01BBC2BD2004292F1 /* ViewController.swift in Sources */,
				2928E6791C3A6B840024FFBD /* TableViewController.swift in Sources */,
				29AD429E1BBC2BD2004292F1 /* AppDelegate.swift in Sources */,
			);
			runOnlyForDeploymentPostprocessing = 0;
		};
/* End PBXSourcesBuildPhase section */

/* Begin PBXTargetDependency section */
		2905313C1C206A3800FB382C /* PBXTargetDependency */ = {
			isa = PBXTargetDependency;
			target = 29AD42991BBC2BD2004292F1 /* WhisperDemo */;
			targetProxy = 2905313B1C206A3800FB382C /* PBXContainerItemProxy */;
		};
/* End PBXTargetDependency section */

/* Begin PBXVariantGroup section */
		29AD42A61BBC2BD2004292F1 /* LaunchScreen.storyboard */ = {
			isa = PBXVariantGroup;
			children = (
				29AD42A71BBC2BD2004292F1 /* Base */,
			);
			name = LaunchScreen.storyboard;
			sourceTree = "<group>";
		};
/* End PBXVariantGroup section */

/* Begin XCBuildConfiguration section */
		2905313D1C206A3800FB382C /* Debug */ = {
			isa = XCBuildConfiguration;
			buildSettings = {
				INFOPLIST_FILE = WhisperTests/Info.plist;
				IPHONEOS_DEPLOYMENT_TARGET = 9.2;
				LD_RUNPATH_SEARCH_PATHS = "$(inherited) @executable_path/Frameworks @loader_path/Frameworks";
				PRODUCT_BUNDLE_IDENTIFIER = no.hyper.WhisperTests;
				PRODUCT_NAME = "$(TARGET_NAME)";
				TEST_TARGET_NAME = WhisperDemo;
				USES_XCTRUNNER = YES;
			};
			name = Debug;
		};
		2905313E1C206A3800FB382C /* Release */ = {
			isa = XCBuildConfiguration;
			buildSettings = {
				INFOPLIST_FILE = WhisperTests/Info.plist;
				IPHONEOS_DEPLOYMENT_TARGET = 9.2;
				LD_RUNPATH_SEARCH_PATHS = "$(inherited) @executable_path/Frameworks @loader_path/Frameworks";
				PRODUCT_BUNDLE_IDENTIFIER = no.hyper.WhisperTests;
				PRODUCT_NAME = "$(TARGET_NAME)";
				TEST_TARGET_NAME = WhisperDemo;
				USES_XCTRUNNER = YES;
			};
			name = Release;
		};
		29AD42AA1BBC2BD2004292F1 /* Debug */ = {
			isa = XCBuildConfiguration;
			buildSettings = {
				ALWAYS_SEARCH_USER_PATHS = NO;
				CLANG_CXX_LANGUAGE_STANDARD = "gnu++0x";
				CLANG_CXX_LIBRARY = "libc++";
				CLANG_ENABLE_MODULES = YES;
				CLANG_ENABLE_OBJC_ARC = YES;
				CLANG_WARN_BLOCK_CAPTURE_AUTORELEASING = YES;
				CLANG_WARN_BOOL_CONVERSION = YES;
				CLANG_WARN_COMMA = YES;
				CLANG_WARN_CONSTANT_CONVERSION = YES;
				CLANG_WARN_DIRECT_OBJC_ISA_USAGE = YES_ERROR;
				CLANG_WARN_EMPTY_BODY = YES;
				CLANG_WARN_ENUM_CONVERSION = YES;
				CLANG_WARN_INFINITE_RECURSION = YES;
				CLANG_WARN_INT_CONVERSION = YES;
				CLANG_WARN_NON_LITERAL_NULL_CONVERSION = YES;
				CLANG_WARN_OBJC_LITERAL_CONVERSION = YES;
				CLANG_WARN_OBJC_ROOT_CLASS = YES_ERROR;
				CLANG_WARN_RANGE_LOOP_ANALYSIS = YES;
				CLANG_WARN_STRICT_PROTOTYPES = YES;
				CLANG_WARN_SUSPICIOUS_MOVE = YES;
				CLANG_WARN_UNREACHABLE_CODE = YES;
				CLANG_WARN__DUPLICATE_METHOD_MATCH = YES;
				"CODE_SIGN_IDENTITY[sdk=iphoneos*]" = "iPhone Developer";
				COPY_PHASE_STRIP = NO;
				DEBUG_INFORMATION_FORMAT = dwarf;
				ENABLE_STRICT_OBJC_MSGSEND = YES;
				ENABLE_TESTABILITY = YES;
				GCC_C_LANGUAGE_STANDARD = gnu99;
				GCC_DYNAMIC_NO_PIC = NO;
				GCC_NO_COMMON_BLOCKS = YES;
				GCC_OPTIMIZATION_LEVEL = 0;
				GCC_PREPROCESSOR_DEFINITIONS = (
					"DEBUG=1",
					"$(inherited)",
				);
				GCC_WARN_64_TO_32_BIT_CONVERSION = YES;
				GCC_WARN_ABOUT_RETURN_TYPE = YES_ERROR;
				GCC_WARN_UNDECLARED_SELECTOR = YES;
				GCC_WARN_UNINITIALIZED_AUTOS = YES_AGGRESSIVE;
				GCC_WARN_UNUSED_FUNCTION = YES;
				GCC_WARN_UNUSED_VARIABLE = YES;
				IPHONEOS_DEPLOYMENT_TARGET = 9.0;
				MTL_ENABLE_DEBUG_INFO = YES;
				ONLY_ACTIVE_ARCH = YES;
				SDKROOT = iphoneos;
				SWIFT_OPTIMIZATION_LEVEL = "-Onone";
				SWIFT_VERSION = 4.0;
				TARGETED_DEVICE_FAMILY = "1,2";
			};
			name = Debug;
		};
		29AD42AB1BBC2BD2004292F1 /* Release */ = {
			isa = XCBuildConfiguration;
			buildSettings = {
				ALWAYS_SEARCH_USER_PATHS = NO;
				CLANG_CXX_LANGUAGE_STANDARD = "gnu++0x";
				CLANG_CXX_LIBRARY = "libc++";
				CLANG_ENABLE_MODULES = YES;
				CLANG_ENABLE_OBJC_ARC = YES;
				CLANG_WARN_BLOCK_CAPTURE_AUTORELEASING = YES;
				CLANG_WARN_BOOL_CONVERSION = YES;
				CLANG_WARN_COMMA = YES;
				CLANG_WARN_CONSTANT_CONVERSION = YES;
				CLANG_WARN_DIRECT_OBJC_ISA_USAGE = YES_ERROR;
				CLANG_WARN_EMPTY_BODY = YES;
				CLANG_WARN_ENUM_CONVERSION = YES;
				CLANG_WARN_INFINITE_RECURSION = YES;
				CLANG_WARN_INT_CONVERSION = YES;
				CLANG_WARN_NON_LITERAL_NULL_CONVERSION = YES;
				CLANG_WARN_OBJC_LITERAL_CONVERSION = YES;
				CLANG_WARN_OBJC_ROOT_CLASS = YES_ERROR;
				CLANG_WARN_RANGE_LOOP_ANALYSIS = YES;
				CLANG_WARN_STRICT_PROTOTYPES = YES;
				CLANG_WARN_SUSPICIOUS_MOVE = YES;
				CLANG_WARN_UNREACHABLE_CODE = YES;
				CLANG_WARN__DUPLICATE_METHOD_MATCH = YES;
				"CODE_SIGN_IDENTITY[sdk=iphoneos*]" = "iPhone Developer";
				COPY_PHASE_STRIP = NO;
				DEBUG_INFORMATION_FORMAT = "dwarf-with-dsym";
				ENABLE_NS_ASSERTIONS = NO;
				ENABLE_STRICT_OBJC_MSGSEND = YES;
				GCC_C_LANGUAGE_STANDARD = gnu99;
				GCC_NO_COMMON_BLOCKS = YES;
				GCC_WARN_64_TO_32_BIT_CONVERSION = YES;
				GCC_WARN_ABOUT_RETURN_TYPE = YES_ERROR;
				GCC_WARN_UNDECLARED_SELECTOR = YES;
				GCC_WARN_UNINITIALIZED_AUTOS = YES_AGGRESSIVE;
				GCC_WARN_UNUSED_FUNCTION = YES;
				GCC_WARN_UNUSED_VARIABLE = YES;
				IPHONEOS_DEPLOYMENT_TARGET = 9.0;
				MTL_ENABLE_DEBUG_INFO = NO;
				SDKROOT = iphoneos;
				SWIFT_OPTIMIZATION_LEVEL = "-Owholemodule";
				SWIFT_VERSION = 4.0;
				TARGETED_DEVICE_FAMILY = "1,2";
				VALIDATE_PRODUCT = YES;
			};
			name = Release;
		};
		29AD42AD1BBC2BD2004292F1 /* Debug */ = {
			isa = XCBuildConfiguration;
			baseConfigurationReference = B056A0C0A940EF3C92E08D24 /* Pods-WhisperDemo.debug.xcconfig */;
			buildSettings = {
				ALWAYS_EMBED_SWIFT_STANDARD_LIBRARIES = YES;
				ASSETCATALOG_COMPILER_APPICON_NAME = AppIcon;
				"CODE_SIGN_IDENTITY[sdk=iphoneos*]" = "iPhone Developer";
				DEVELOPMENT_TEAM = "";
				INFOPLIST_FILE = WhisperDemo/Info.plist;
				LD_RUNPATH_SEARCH_PATHS = "$(inherited) @executable_path/Frameworks";
				PRODUCT_BUNDLE_IDENTIFIER = no.hyper.WhisperDemo;
				PRODUCT_NAME = "$(TARGET_NAME)";
			};
			name = Debug;
		};
		29AD42AE1BBC2BD2004292F1 /* Release */ = {
			isa = XCBuildConfiguration;
			baseConfigurationReference = EF03BCFAFBE8B2FA7C98C617 /* Pods-WhisperDemo.release.xcconfig */;
			buildSettings = {
				ALWAYS_EMBED_SWIFT_STANDARD_LIBRARIES = YES;
				ASSETCATALOG_COMPILER_APPICON_NAME = AppIcon;
				"CODE_SIGN_IDENTITY[sdk=iphoneos*]" = "iPhone Developer";
				DEVELOPMENT_TEAM = "";
				INFOPLIST_FILE = WhisperDemo/Info.plist;
				LD_RUNPATH_SEARCH_PATHS = "$(inherited) @executable_path/Frameworks";
				PRODUCT_BUNDLE_IDENTIFIER = no.hyper.WhisperDemo;
				PRODUCT_NAME = "$(TARGET_NAME)";
			};
			name = Release;
		};
/* End XCBuildConfiguration section */

/* Begin XCConfigurationList section */
		2905313F1C206A3800FB382C /* Build configuration list for PBXNativeTarget "WhisperTests" */ = {
			isa = XCConfigurationList;
			buildConfigurations = (
				2905313D1C206A3800FB382C /* Debug */,
				2905313E1C206A3800FB382C /* Release */,
			);
			defaultConfigurationIsVisible = 0;
			defaultConfigurationName = Release;
		};
		29AD42951BBC2BD2004292F1 /* Build configuration list for PBXProject "WhisperDemo" */ = {
			isa = XCConfigurationList;
			buildConfigurations = (
				29AD42AA1BBC2BD2004292F1 /* Debug */,
				29AD42AB1BBC2BD2004292F1 /* Release */,
			);
			defaultConfigurationIsVisible = 0;
			defaultConfigurationName = Release;
		};
		29AD42AC1BBC2BD2004292F1 /* Build configuration list for PBXNativeTarget "WhisperDemo" */ = {
			isa = XCConfigurationList;
			buildConfigurations = (
				29AD42AD1BBC2BD2004292F1 /* Debug */,
				29AD42AE1BBC2BD2004292F1 /* Release */,
			);
			defaultConfigurationIsVisible = 0;
			defaultConfigurationName = Release;
		};
/* End XCConfigurationList section */
	};
	rootObject = 29AD42921BBC2BD2004292F1 /* Project object */;
}
